
Microsoft Visual Studio Solution File, Format Version 12.00
# Visual Studio Version 17
VisualStudioVersion = 17.14.36518.9
MinimumVisualStudioVersion = 10.0.40219.1
Project("{FAE04EC0-301F-11D3-BF4B-00C04F79EFBC}") = "TeemAITalent.Application", "TeemAITalent.Application\TeemAITalent.Application.csproj", "{777F1BB3-504A-D008-2924-D108DF6F7E77}"
EndProject
Project("{FAE04EC0-301F-11D3-BF4B-00C04F79EFBC}") = "TeemAITalent.Domain", "TeemAITalent.Domain\TeemAITalent.Domain.csproj", "{B3063BE5-B06E-6B9A-1EDF-F18F4AA9EF7C}"
EndProject
Project("{FAE04EC0-301F-11D3-BF4B-00C04F79EFBC}") = "TeemAITalent.Infrastructure", "TeemAITalent.Infrastructure\TeemAITalent.Infrastructure.csproj", "{8F2CAF1D-A666-9769-F831-3CB791926964}"
EndProject
Project("{2150E333-8FDC-42A3-9474-1A3956D46DE8}") = "src", "src", "{02EA681E-C7D8-13C7-8484-4AC65E1B71E8}"
EndProject
Project("{FAE04EC0-301F-11D3-BF4B-00C04F79EFBC}") = "TeemAITalent.API", "TeemAITalent.API\TeemAITalent.API.csproj", "{8E1950E5-743C-406A-8BA9-E897E52B039E}"
EndProject
Project("{2150E333-8FDC-42A3-9474-1A3956D46DE8}") = "Web", "Web", "{18F41BA7-71B0-4C48-8810-54CB5F81FE65}"
EndProject
Project("{E24C65DC-7377-472B-9ABA-BC803B73C61A}") = "teemai-talent-ui", "teemai-talent-ui\", "{E20DF86C-48FA-A13A-E47A-BF2E461DE310}"
	ProjectSection(WebsiteProperties) = preProject
		TargetFrameworkMoniker = ".NETFramework,Version%3Dv4.0"
		Debug.AspNetCompiler.VirtualPath = "/localhost_54098"
		Debug.AspNetCompiler.PhysicalPath = "teemai-talent-ui\"
		Debug.AspNetCompiler.TargetPath = "PrecompiledWeb\localhost_54098\"
		Debug.AspNetCompiler.Updateable = "true"
		Debug.AspNetCompiler.ForceOverwrite = "true"
		Debug.AspNetCompiler.FixedNames = "false"
		Debug.AspNetCompiler.Debug = "True"
		Release.AspNetCompiler.VirtualPath = "/localhost_54098"
		Release.AspNetCompiler.PhysicalPath = "teemai-talent-ui\"
		Release.AspNetCompiler.TargetPath = "PrecompiledWeb\localhost_54098\"
		Release.AspNetCompiler.Updateable = "true"
		Release.AspNetCompiler.ForceOverwrite = "true"
		Release.AspNetCompiler.FixedNames = "false"
		Release.AspNetCompiler.Debug = "False"
		VWDPort = "54098"
	EndProjectSection
EndProject
Project("{2150E333-8FDC-42A3-9474-1A3956D46DE8}") = "Solution Items", "Solution Items", "{8EC462FD-D22E-90A8-E5CE-7E832BA40C5D}"
	ProjectSection(SolutionItems) = preProject
		.gitattributes = .gitattributes
		.gitignore = .gitignore
		README.md = README.md
	EndProjectSection
EndProject
Global
	GlobalSection(SolutionConfigurationPlatforms) = preSolution
		Debug|Any CPU = Debug|Any CPU
		Release|Any CPU = Release|Any CPU
	EndGlobalSection
	GlobalSection(ProjectConfigurationPlatforms) = postSolution
		{777F1BB3-504A-D008-2924-D108DF6F7E77}.Debug|Any CPU.ActiveCfg = Debug|Any CPU
		{777F1BB3-504A-D008-2924-D108DF6F7E77}.Debug|Any CPU.Build.0 = Debug|Any CPU
		{777F1BB3-504A-D008-2924-D108DF6F7E77}.Release|Any CPU.ActiveCfg = Release|Any CPU
		{777F1BB3-504A-D008-2924-D108DF6F7E77}.Release|Any CPU.Build.0 = Release|Any CPU
		{B3063BE5-B06E-6B9A-1EDF-F18F4AA9EF7C}.Debug|Any CPU.ActiveCfg = Debug|Any CPU
		{B3063BE5-B06E-6B9A-1EDF-F18F4AA9EF7C}.Debug|Any CPU.Build.0 = Debug|Any CPU
		{B3063BE5-B06E-6B9A-1EDF-F18F4AA9EF7C}.Release|Any CPU.ActiveCfg = Release|Any CPU
		{B3063BE5-B06E-6B9A-1EDF-F18F4AA9EF7C}.Release|Any CPU.Build.0 = Release|Any CPU
		{8F2CAF1D-A666-9769-F831-3CB791926964}.Debug|Any CPU.ActiveCfg = Debug|Any CPU
		{8F2CAF1D-A666-9769-F831-3CB791926964}.Debug|Any CPU.Build.0 = Debug|Any CPU
		{8F2CAF1D-A666-9769-F831-3CB791926964}.Release|Any CPU.ActiveCfg = Release|Any CPU
		{8F2CAF1D-A666-9769-F831-3CB791926964}.Release|Any CPU.Build.0 = Release|Any CPU
		{8E1950E5-743C-406A-8BA9-E897E52B039E}.Debug|Any CPU.ActiveCfg = Debug|Any CPU
		{8E1950E5-743C-406A-8BA9-E897E52B039E}.Debug|Any CPU.Build.0 = Debug|Any CPU
		{8E1950E5-743C-406A-8BA9-E897E52B039E}.Release|Any CPU.ActiveCfg = Release|Any CPU
		{8E1950E5-743C-406A-8BA9-E897E52B039E}.Release|Any CPU.Build.0 = Release|Any CPU
		{E20DF86C-48FA-A13A-E47A-BF2E461DE310}.Debug|Any CPU.ActiveCfg = Debug|Any CPU
		{E20DF86C-48FA-A13A-E47A-BF2E461DE310}.Debug|Any CPU.Build.0 = Debug|Any CPU
		{E20DF86C-48FA-A13A-E47A-BF2E461DE310}.Release|Any CPU.ActiveCfg = Debug|Any CPU
		{E20DF86C-48FA-A13A-E47A-BF2E461DE310}.Release|Any CPU.Build.0 = Debug|Any CPU
	EndGlobalSection
	GlobalSection(SolutionProperties) = preSolution
		HideSolutionNode = FALSE
	EndGlobalSection
	GlobalSection(NestedProjects) = preSolution
		{777F1BB3-504A-D008-2924-D108DF6F7E77} = {02EA681E-C7D8-13C7-8484-4AC65E1B71E8}
		{B3063BE5-B06E-6B9A-1EDF-F18F4AA9EF7C} = {02EA681E-C7D8-13C7-8484-4AC65E1B71E8}
		{8F2CAF1D-A666-9769-F831-3CB791926964} = {02EA681E-C7D8-13C7-8484-4AC65E1B71E8}
		{8E1950E5-743C-406A-8BA9-E897E52B039E} = {02EA681E-C7D8-13C7-8484-4AC65E1B71E8}
		{E20DF86C-48FA-A13A-E47A-BF2E461DE310} = {18F41BA7-71B0-4C48-8810-54CB5F81FE65}
	EndGlobalSection
	GlobalSection(ExtensibilityGlobals) = postSolution
		SolutionGuid = {45D91E0F-6CA8-473F-B7BE-76BF231CA222}
	EndGlobalSection
EndGlobal
